# This file is generated by running "yarn install" inside your project.
# Manual changes might be lost - proceed with caution!

__metadata:
  version: 10
  cacheKey: 10c0

"@babel/helper-string-parser@npm:^7.29.7":
  version: 7.29.7
  resolution: "@babel/helper-string-parser@npm:7.29.7"
  checksum: 10c0/194bc0f1716e396d5ffde56ad6119745fb9557662c98611590e5e454906783a4ccb21ce93056b8eb69a4909044834e45d96e50ac695bbe9e3221648fe033c06c
  languageName: node
  linkType: hard

"@babel/helper-validator-identifier@npm:^7.29.7":
  version: 7.29.7
  resolution: "@babel/helper-validator-identifier@npm:7.29.7"
  checksum: 10c0/4795354e7ae0dcafa72de1cd04ec51252dc1498517170beaf019e03effc5b7bf13c6b21a3949a77e07b8125be7f106ed1131350d8ebd4566ae874094a726d62b
  languageName: node
  linkType: hard

"@babel/parser@npm:^7.29.7":
  version: 7.29.8
  resolution: "@babel/parser@npm:7.29.8"
  dependencies:
    "@babel/types": "npm:^7.29.8"
  bin:
    parser: ./bin/babel-parser.js
  checksum: 10c0/acc890c5e6a6dd40863a47b50bac111d7185ee6fbbe163ebe11d5214854ca2adb901462ad4d718a65090ef84bd2230e9e8ab45a2e0caccc685f1f57ab0bb1e28
  languageName: node
  linkType: hard

"@babel/types@npm:^7.29.7, @babel/types@npm:^7.29.8":
  version: 7.29.8
  resolution: "@babel/types@npm:7.29.8"
  dependencies:
    "@babel/helper-string-parser": "npm:^7.29.7"
    "@babel/helper-validator-identifier": "npm:^7.29.7"
  checksum: 10c0/be7c279f0abf2a086c633e21b49c7ca80275d05283cc5a268b67a708c9914bd0c944f1422b3eb3cb37682a2af5d560abf520ccf9b01b53ecbfe6b71fbc3fdde6
  languageName: node
  linkType: hard

"@bcoe/v8-coverage@npm:^1.0.2":
  version: 1.0.2
  resolution: "@bcoe/v8-coverage@npm:1.0.2"
  checksum: 10c0/1eb1dc93cc17fb7abdcef21a6e7b867d6aa99a7ec88ec8207402b23d9083ab22a8011213f04b2cf26d535f1d22dc26139b7929e6c2134c254bd1e14ba5e678c3
  languageName: node
  linkType: hard

"@biomejs/biome@npm:2.5.14":
  version: 2.5.14
  resolution: "@biomejs/biome@npm:2.5.14"
  dependencies:
    "@biomejs/cli-darwin-arm64": "npm:2.5.14"
    "@biomejs/cli-darwin-x64": "npm:2.5.14"
    "@biomejs/cli-linux-arm64": "npm:2.5.14"
    "@biomejs/cli-linux-arm64-musl": "npm:2.5.14"
    "@biomejs/cli-linux-x64": "npm:2.5.14"
    "@biomejs/cli-linux-x64-musl": "npm:2.5.14"
    "@biomejs/cli-win32-arm64": "npm:2.5.14"
    "@biomejs/cli-win32-x64": "npm:2.5.14"
  dependenciesMeta:
    "@biomejs/cli-darwin-arm64":
      optional: true
    "@biomejs/cli-darwin-x64":
      optional: true
    "@biomejs/cli-linux-arm64":
      optional: true
    "@biomejs/cli-linux-arm64-musl":
      optional: true
    "@biomejs/cli-linux-x64":
      optional: true
    "@biomejs/cli-linux-x64-musl":
      optional: true
    "@biomejs/cli-win32-arm64":
      optional: true
    "@biomejs/cli-win32-x64":
      optional: true
  bin:
    biome: bin/biome
  checksum: 10c0/db612f71783a33a11666d09febe8310993474671ca41191ae9c0fa7bfe96f7f6814a5f57dea445e70a88991d8d09a6c5212135aa2950158f320824e4f48ec0a4
  languageName: node
  linkType: hard

"@biomejs/cli-darwin-arm64@npm:2.5.14":
  version: 2.5.14
  resolution: "@biomejs/cli-darwin-arm64@npm:2.5.14"
  conditions: os=darwin & cpu=arm64
  languageName: node
  linkType: hard

"@biomejs/cli-darwin-x64@npm:2.5.14":
  version: 2.5.14
  resolution: "@biomejs/cli-darwin-x64@npm:2.5.14"
  conditions: os=darwin & cpu=x64
  languageName: node
  linkType: hard

"@biomejs/cli-linux-arm64-musl@npm:2.5.14":
  version: 2.5.14
  resolution: "@biomejs/cli-linux-arm64-musl@npm:2.5.14"
  conditions: os=linux & cpu=arm64 & libc=musl
  languageName: node
  linkType: hard

"@biomejs/cli-linux-arm64@npm:2.5.14":
  version: 2.5.14
  resolution: "@biomejs/cli-linux-arm64@npm:2.5.14"
  conditions: os=linux & cpu=arm64 & libc=glibc
  languageName: node
  linkType: hard

"@biomejs/cli-linux-x64-musl@npm:2.5.14":
  version: 2.5.14
  resolution: "@biomejs/cli-linux-x64-musl@npm:2.5.14"
  conditions: os=linux & cpu=x64 & libc=musl
  languageName: node
  linkType: hard

"@biomejs/cli-linux-x64@npm:2.5.14":
  version: 2.5.14
  resolution: "@biomejs/cli-linux-x64@npm:2.5.14"
  conditions: os=linux & cpu=x64 & libc=glibc
  languageName: node
  linkType: hard

"@biomejs/cli-win32-arm64@npm:2.5.14":
  version: 2.5.14
  resolution: "@biomejs/cli-win32-arm64@npm:2.5.14"
  conditions: os=win32 & cpu=arm64
  languageName: node
  linkType: hard

"@biomejs/cli-win32-x64@npm:2.5.14":
  version: 2.5.14
  resolution: "@biomejs/cli-win32-x64@npm:2.5.14"
  conditions: os=win32 & cpu=x64
  languageName: node
  linkType: hard

"@gulpjs/to-absolute-glob@npm:^4.0.0":
  version: 4.0.0
  resolution: "@gulpjs/to-absolute-glob@npm:4.0.0"
  dependencies:
    is-negated-glob: "npm:^1.0.0"
  checksum: 10c0/acddf10466bfff672e7d09d5b7d9fb2d9d50dff3bcf6d4cc3b3df364ea0ccad6e7a8d8ba0f474f880ff18a76ebbcc09b3f4d6d12d2913e3469361d5539a72110
  languageName: node
  linkType: hard

"@jridgewell/resolve-uri@npm:^3.1.0":
  version: 3.1.2
  resolution: "@jridgewell/resolve-uri@npm:3.1.2"
  checksum: 10c0/d502e6fb516b35032331406d4e962c21fe77cdf1cbdb49c6142bcbd9e30507094b18972778a6e27cbad756209cfe34b1a27729e6fa08a2eb92b33943f680cf1e
  languageName: node
  linkType: hard

"@jridgewell/sourcemap-codec@npm:^1.4.14, @jridgewell/sourcemap-codec@npm:^1.6.0":
  version: 1.6.0
  resolution: "@jridgewell/sourcemap-codec@npm:1.6.0"
  checksum: 10c0/b5be700e45a775f218589c3466c4ffea630582b4988657652da464e5ab8a7d18bf928ee4fd2363fb346ede4bea9c6ff0bae05a538358c4565ece6199531b5f72
  languageName: node
  linkType: hard

"@jridgewell/trace-mapping@npm:0.3.31, @jridgewell/trace-mapping@npm:^0.3.31":
  version: 0.3.31
  resolution: "@jridgewell/trace-mapping@npm:0.3.31"
  dependencies:
    "@jridgewell/resolve-uri": "npm:^3.1.0"
    "@jridgewell/sourcemap-codec": "npm:^1.4.14"
  checksum: 10c0/4b30ec8cd56c5fd9a661f088230af01e0c1a3888d11ffb6b47639700f71225be21d1f7e168048d6d4f9449207b978a235c07c8f15c07705685d16dc06280e9d9
  languageName: node
  linkType: hard

"@onigoetz/gulp-typescript@npm:^6.0.0-alpha.1":
  version: 6.0.0-alpha.1
  resolution: "@onigoetz/gulp-typescript@npm:6.0.0-alpha.1"
  dependencies:
    ansi-colors: "npm:^4.1.3"
    plugin-error: "npm:^2.0.1"
    source-map-js: "npm:^1.0.1"
    streamx: "npm:^2.15.1"
    vinyl: "npm:^3.0.0"
    vinyl-fs: "npm:^4.0.0"
  peerDependencies:
    typescript: ^5.0.0
  checksum: 10c0/b59105dca0bd3bc37f403f6c52beca1c6532e24dce86a687b0866dacfe47be7f0b6bbd6524ce9056a26139a5800a4f6b3a4083059da2c79568cf70744aa58259
  languageName: node
  linkType: hard

"@onigoetz/resquoosh@workspace:.":
  version: 0.0.0-use.local
  resolution: "@onigoetz/resquoosh@workspace:."
  dependencies:
    "@biomejs/biome": "npm:2.5.14"
    "@onigoetz/gulp-typescript": "npm:^6.0.0-alpha.1"
    "@types/node": "npm:^22.0.0"
    "@vitest/coverage-v8": "npm:^5.0.0"
    get-orientation: "npm:^1.1.2"
    image-size: "npm:^2.0.2"
    tinypool: "npm:^2.1.0"
    typescript: "npm:^5.2.2"
    vinyl-fs: "npm:^4.0.2"
    vitest: "npm:^5.0.0"
  languageName: unknown
  linkType: soft

"@types/chai@npm:^5.2.2":
  version: 5.2.3
  resolution: "@types/chai@npm:5.2.3"
  dependencies:
    "@types/deep-eql": "npm:*"
    assertion-error: "npm:^2.0.1"
  checksum: 10c0/e0ef1de3b6f8045a5e473e867c8565788c444271409d155588504840ad1a53611011f85072188c2833941189400228c1745d78323dac13fcede9c2b28bacfb2f
  languageName: node
  linkType: hard

"@types/deep-eql@npm:*":
  version: 4.0.2
  resolution: "@types/deep-eql@npm:4.0.2"
  checksum: 10c0/bf3f811843117900d7084b9d0c852da9a044d12eb40e6de73b552598a6843c21291a8a381b0532644574beecd5e3491c5ff3a0365ab86b15d59862c025384844
  languageName: node
  linkType: hard

"@types/estree@npm:^1.0.0":
  version: 1.0.9
  resolution: "@types/estree@npm:1.0.9"
  checksum: 10c0/3ad3286ca2988cd550dafb8f2ad599c8474868e954fa601a36655bdfefd8039f7c714b8c1c7f2ae219ffbd58bd4660e66fa7479a0120fc02d4777057d4865387
  languageName: node
  linkType: hard

"@types/node@npm:^22.0.0":
  version: 22.20.3
  resolution: "@types/node@npm:22.20.3"
  dependencies:
    undici-types: "npm:~6.21.0"
  checksum: 10c0/27034f3f66d7044494f0be7b20b17eecbb1f6deab9e2ea8b004d79e896f4a90cde954da9a433a145e800f3db3e5c5c4761a65366434997c77102ba364dcbedd0
  languageName: node
  linkType: hard

"@vitest/coverage-v8@npm:^5.0.0":
  version: 5.0.1
  resolution: "@vitest/coverage-v8@npm:5.0.1"
  dependencies:
    "@bcoe/v8-coverage": "npm:^1.0.2"
    "@vitest/istanbul-lib-coverage": "npm:^1.0.0"
    "@vitest/istanbul-lib-report": "npm:^1.0.0"
    ast-v8-to-istanbul: "npm:^1.0.5"
    magicast: "npm:^0.5.4"
    obug: "npm:^2.1.4"
    std-env: "npm:^4.2.0"
    tinyrainbow: "npm:^3.1.1"
  peerDependencies:
    "@vitest/browser": 5.0.1
    vitest: 5.0.1
  peerDependenciesMeta:
    "@vitest/browser":
      optional: true
  checksum: 10c0/7f6dba018b7cd3303c625ff0c906bab971eef00214fac5d7edfd7ab3991bccbe7edf47f89273f49f7d2161e16fbdcc2b9938efd16f2da3bab8c31bf83777349e
  languageName: node
  linkType: hard

"@vitest/istanbul-lib-coverage@npm:1.0.1, @vitest/istanbul-lib-coverage@npm:^1.0.0":
  version: 1.0.1
  resolution: "@vitest/istanbul-lib-coverage@npm:1.0.1"
  checksum: 10c0/5259767db6c748a018c39554951e19818268fb6f72f74b74d2370471c7d83df990c3371247caea7d38f8e315df6dd461427dc242a1e7f5071e4b28863524f354
  languageName: node
  linkType: hard

"@vitest/istanbul-lib-report@npm:^1.0.0":
  version: 1.0.1
  resolution: "@vitest/istanbul-lib-report@npm:1.0.1"
  dependencies:
    "@vitest/istanbul-lib-coverage": "npm:1.0.1"
  checksum: 10c0/1a76d4cd4c6284da0b897230d672769a5191235b3a0df41a3c861e3e12659d1790012705df6bad0f540e3f14b7b017f3611f99c9b9eb96972f8b55a3fb9270fe
  languageName: node
  linkType: hard

"@vitest/mocker@npm:5.0.1":
  version: 5.0.1
  resolution: "@vitest/mocker@npm:5.0.1"
  dependencies:
    "@jridgewell/trace-mapping": "npm:0.3.31"
    "@vitest/spy": "npm:5.0.1"
    estree-walker: "npm:^3.0.3"
    magic-string: "npm:^1.2.3"
  peerDependencies:
    msw: ^2.4.9
    vite: ^6.0.0 || ^7.0.0 || ^8.0.0
  peerDependenciesMeta:
    msw:
      optional: true
    vite:
      optional: true
  checksum: 10c0/21f0456c7452d7f65449fc0f43f1ccbf222d353eb11fcf511b78b5b8c4ae38ac9ca286b56936d91856c483575cd86688f1b6dc00f02ffd85ed1108b12cf219cd
  languageName: node
  linkType: hard

"@vitest/spy@npm:5.0.1":
  version: 5.0.1
  resolution: "@vitest/spy@npm:5.0.1"
  checksum: 10c0/88838f6dda5237f0a40c365598ce7112922611e9157b390ca90c11760ae8697c37214f621263bfbe12e2bd27234df577cbbecc93de003ced366d23be24383c37
  languageName: node
  linkType: hard

"ansi-colors@npm:^1.0.1":
  version: 1.1.0
  resolution: "ansi-colors@npm:1.1.0"
  dependencies:
    ansi-wrap: "npm:^0.1.0"
  checksum: 10c0/c5f3ae4710ed564ca173cd2cf3e85a3bf8dabb7b20688f84299caaf0a4af01e6b7825b32739336c9437492058d3b07d90ef42e3e6223fbba3dc9d52f63e29056
  languageName: node
  linkType: hard

"ansi-colors@npm:^4.1.3":
  version: 4.1.3
  resolution: "ansi-colors@npm:4.1.3"
  checksum: 10c0/ec87a2f59902f74e61eada7f6e6fe20094a628dab765cfdbd03c3477599368768cffccdb5d3bb19a1b6c99126783a143b1fee31aab729b31ffe5836c7e5e28b9
  languageName: node
  linkType: hard

"ansi-wrap@npm:^0.1.0":
  version: 0.1.0
  resolution: "ansi-wrap@npm:0.1.0"
  checksum: 10c0/1e0a53ae0d1a3fc5ceeb5d1868cb5b0a61543a1ff11f3efc51bab7923cc01fe8180db1f9250ce5003b425c53f568bcf3c2dea9d90b5c1cd0a1dae13f76c601dd
  languageName: node
  linkType: hard

"anymatch@npm:^3.1.3":
  version: 3.1.3
  resolution: "anymatch@npm:3.1.3"
  dependencies:
    normalize-path: "npm:^3.0.0"
    picomatch: "npm:^2.0.4"
  checksum: 10c0/57b06ae984bc32a0d22592c87384cd88fe4511b1dd7581497831c56d41939c8a001b28e7b853e1450f2bf61992dfcaa8ae2d0d161a0a90c4fb631ef07098fbac
  languageName: node
  linkType: hard

"assertion-error@npm:^2.0.1":
  version: 2.0.1
  resolution: "assertion-error@npm:2.0.1"
  checksum: 10c0/bbbcb117ac6480138f8c93cf7f535614282dea9dc828f540cdece85e3c665e8f78958b96afac52f29ff883c72638e6a87d469ecc9fe5bc902df03ed24a55dba8
  languageName: node
  linkType: hard

"ast-v8-to-istanbul@npm:^1.0.5":
  version: 1.0.7
  resolution: "ast-v8-to-istanbul@npm:1.0.7"
  dependencies:
    "@jridgewell/trace-mapping": "npm:^0.3.31"
    estree-walker: "npm:^3.0.3"
    js-tokens: "npm:^10.0.0"
  checksum: 10c0/c6bbfbf8b8adc8d793f8d10fbf9bcb25b0c65f2faa73ec1e41d2937a9c18327167b9395134943a4814dd3d095d2453b2f0f71a5d33aecd808ac4725c23e69918
  languageName: node
  linkType: hard

"b4a@npm:^1.6.4":
  version: 1.9.0
  resolution: "b4a@npm:1.9.0"
  peerDependencies:
    react-native-b4a: "*"
  peerDependenciesMeta:
    react-native-b4a:
      optional: true
  checksum: 10c0/6a337fd6d11dc2f110153a38ad9a981081fc28758605eb1c9f49ec9a9ffbe17a6cb96a9d8f440d1def04030ccd41152cde359d35e73ba944583af1687106b6b2
  languageName: node
  linkType: hard

"bare-events@npm:^2.7.0":
  version: 2.9.2
  resolution: "bare-events@npm:2.9.2"
  peerDependencies:
    bare-abort-controller: "*"
  peerDependenciesMeta:
    bare-abort-controller:
      optional: true
  checksum: 10c0/1aff2704e69a0bde978d6e768ebc13e8c21f36bee436b82e98a15f614d2f3b15ed6c894ffa0cfee2ba31baac17ccf9ea6cbe2c48d112a2fc5f6e42ed84f9d31a
  languageName: node
  linkType: hard

"base64-js@npm:^1.3.1":
  version: 1.5.1
  resolution: "base64-js@npm:1.5.1"
  checksum: 10c0/f23823513b63173a001030fae4f2dabe283b99a9d324ade3ad3d148e218134676f1ee8568c877cd79ec1c53158dcf2d2ba527a97c606618928ba99dd930102bf
  languageName: node
  linkType: hard

"bl@npm:^5.0.0":
  version: 5.1.0
  resolution: "bl@npm:5.1.0"
  dependencies:
    buffer: "npm:^6.0.3"
    inherits: "npm:^2.0.4"
    readable-stream: "npm:^3.4.0"
  checksum: 10c0/528a9c3d7d6b87af98c46f10a887654d027c28c503c7f7de87440e643f0056d7a2319a967762b8ec18150c64799d2825a277147a752a0570a7407c0b705b0d01
  languageName: node
  linkType: hard

"buffer@npm:^6.0.3":
  version: 6.0.3
  resolution: "buffer@npm:6.0.3"
  dependencies:
    base64-js: "npm:^1.3.1"
    ieee754: "npm:^1.2.1"
  checksum: 10c0/2a905fbbcde73cc5d8bd18d1caa23715d5f83a5935867c2329f0ac06104204ba7947be098fe1317fbd8830e26090ff8e764f08cd14fefc977bb248c3487bcbd0
  languageName: node
  linkType: hard

"chai@npm:^6.2.2":
  version: 6.2.2
  resolution: "chai@npm:6.2.2"
  checksum: 10c0/e6c69e5f0c11dffe6ea13d0290936ebb68fcc1ad688b8e952e131df6a6d5797d5e860bc55cef1aca2e950c3e1f96daf79e9d5a70fb7dbaab4e46355e2635ed53
  languageName: node
  linkType: hard

"clone@npm:^2.1.2":
  version: 2.1.2
  resolution: "clone@npm:2.1.2"
  checksum: 10c0/ed0601cd0b1606bc7d82ee7175b97e68d1dd9b91fd1250a3617b38d34a095f8ee0431d40a1a611122dcccb4f93295b4fdb94942aa763392b5fe44effa50c2d5e
  languageName: node
  linkType: hard

"convert-source-map@npm:^2.0.0":
  version: 2.0.0
  resolution: "convert-source-map@npm:2.0.0"
  checksum: 10c0/8f2f7a27a1a011cc6cc88cc4da2d7d0cfa5ee0369508baae3d98c260bb3ac520691464e5bbe4ae7cdf09860c1d69ecc6f70c63c6e7c7f7e3f18ec08484dc7d9b
  languageName: node
  linkType: hard

"debug@npm:2":
  version: 2.6.9
  resolution: "debug@npm:2.6.9"
  dependencies:
    ms: "npm:2.0.0"
  checksum: 10c0/121908fb839f7801180b69a7e218a40b5a0b718813b886b7d6bdb82001b931c938e2941d1e4450f33a1b1df1da653f5f7a0440c197f29fbf8a6e9d45ff6ef589
  languageName: node
  linkType: hard

"es-module-lexer@npm:^2.3.2":
  version: 2.3.2
  resolution: "es-module-lexer@npm:2.3.2"
  checksum: 10c0/5e7389424c43478439f12f9a6aca1750f6f99afa384fc3de329f4a45f152ab156671055008adaafc74960877abf8cc338aeebf6bed8c21297b146fd6eb7a22f8
  languageName: node
  linkType: hard

"estree-walker@npm:^3.0.3":
  version: 3.0.3
  resolution: "estree-walker@npm:3.0.3"
  dependencies:
    "@types/estree": "npm:^1.0.0"
  checksum: 10c0/c12e3c2b2642d2bcae7d5aa495c60fa2f299160946535763969a1c83fc74518ffa9c2cd3a8b69ac56aea547df6a8aac25f729a342992ef0bbac5f1c73e78995d
  languageName: node
  linkType: hard

"events-universal@npm:^1.0.0":
  version: 1.0.1
  resolution: "events-universal@npm:1.0.1"
  dependencies:
    bare-events: "npm:^2.7.0"
  checksum: 10c0/a1d9a5e9f95843650f8ec240dd1221454c110189a9813f32cdf7185759b43f1f964367ac7dca4ebc69150b59043f2d77c7e122b0d03abf7c25477ea5494785a5
  languageName: node
  linkType: hard

"expect-type@npm:^1.4.0":
  version: 1.4.0
  resolution: "expect-type@npm:1.4.0"
  checksum: 10c0/d40d76b8570695d36587beb3cc28494da2ca3ec8f04e67f5622ed2d372d850e401a9adef19c6835e1a8173903f157c79540b34c7b3fbd7cd8ce726cc903c57b7
  languageName: node
  linkType: hard

"fast-fifo@npm:^1.3.2":
  version: 1.3.2
  resolution: "fast-fifo@npm:1.3.2"
  checksum: 10c0/d53f6f786875e8b0529f784b59b4b05d4b5c31c651710496440006a398389a579c8dbcd2081311478b5bf77f4b0b21de69109c5a4eabea9d8e8783d1eb864e4c
  languageName: node
  linkType: hard

"fastq@npm:^1.13.0":
  version: 1.20.3
  resolution: "fastq@npm:1.20.3"
  dependencies:
    reusify: "npm:^1.0.4"
  checksum: 10c0/ad055a1b50f7ec9142d2e13699ad6c4d1fa9fea1d947fff89de1b5ea3825223e9a626c359b3a0f21aefbe093cc2a9e92a91e068f982a2b176af16b9ea430ffc5
  languageName: node
  linkType: hard

"fdir@npm:^6.5.0":
  version: 6.5.0
  resolution: "fdir@npm:6.5.0"
  peerDependencies:
    picomatch: ^3 || ^4
  peerDependenciesMeta:
    picomatch:
      optional: true
  checksum: 10c0/e345083c4306b3aed6cb8ec551e26c36bab5c511e99ea4576a16750ddc8d3240e63826cc624f5ae17ad4dc82e68a253213b60d556c11bfad064b7607847ed07f
  languageName: node
  linkType: hard

"fs-mkdirp-stream@npm:^2.0.1":
  version: 2.0.1
  resolution: "fs-mkdirp-stream@npm:2.0.1"
  dependencies:
    graceful-fs: "npm:^4.2.8"
    streamx: "npm:^2.12.0"
  checksum: 10c0/57d25f59a15acd7a1c5d0c9fc0fee08f9e1224a3010e21eecedf1e6d42672b3e377d10ea41cf8fc86ceb2651601648156af615fd18216318435be48031001ec8
  languageName: node
  linkType: hard

"get-orientation@npm:^1.1.2":
  version: 1.1.2
  resolution: "get-orientation@npm:1.1.2"
  dependencies:
    stream-parser: "npm:^0.3.1"
  checksum: 10c0/a8be5e7a8afcec5a8c5b915175365f0a4e01483a1323524ce802a460187b1bc476ab220d2a77e691e6ab97b957e2b6bfa4a24090c0cd9b9c028d14255623cdff
  languageName: node
  linkType: hard

"glob-parent@npm:^6.0.2":
  version: 6.0.2
  resolution: "glob-parent@npm:6.0.2"
  dependencies:
    is-glob: "npm:^4.0.3"
  checksum: 10c0/317034d88654730230b3f43bb7ad4f7c90257a426e872ea0bf157473ac61c99bf5d205fad8f0185f989be8d2fa6d3c7dce1645d99d545b6ea9089c39f838e7f8
  languageName: node
  linkType: hard

"glob-stream@npm:^8.0.3":
  version: 8.0.3
  resolution: "glob-stream@npm:8.0.3"
  dependencies:
    "@gulpjs/to-absolute-glob": "npm:^4.0.0"
    anymatch: "npm:^3.1.3"
    fastq: "npm:^1.13.0"
    glob-parent: "npm:^6.0.2"
    is-glob: "npm:^4.0.3"
    is-negated-glob: "npm:^1.0.0"
    normalize-path: "npm:^3.0.0"
    streamx: "npm:^2.12.5"
  checksum: 10c0/feb45646aa346251eece096229282d574e106b343714618d6e5c60e9e53478e17d11a7304957dbbfc15314df607464025ddad206aa331dbcba73bacaa127b3f4
  languageName: node
  linkType: hard

"graceful-fs@npm:^4.2.10, graceful-fs@npm:^4.2.11, graceful-fs@npm:^4.2.8":
  version: 4.2.11
  resolution: "graceful-fs@npm:4.2.11"
  checksum: 10c0/386d011a553e02bc594ac2ca0bd6d9e4c22d7fa8cfbfc448a6d148c59ea881b092db9dbe3547ae4b88e55f1b01f7c4a2ecc53b310c042793e63aa44cf6c257f2
  languageName: node
  linkType: hard

"iconv-lite@npm:^0.6.3":
  version: 0.6.3
  resolution: "iconv-lite@npm:0.6.3"
  dependencies:
    safer-buffer: "npm:>= 2.1.2 < 3.0.0"
  checksum: 10c0/98102bc66b33fcf5ac044099d1257ba0b7ad5e3ccd3221f34dd508ab4070edff183276221684e1e0555b145fce0850c9f7d2b60a9fcac50fbb4ea0d6e845a3b1
  languageName: node
  linkType: hard

"ieee754@npm:^1.2.1":
  version: 1.2.1
  resolution: "ieee754@npm:1.2.1"
  checksum: 10c0/b0782ef5e0935b9f12883a2e2aa37baa75da6e66ce6515c168697b42160807d9330de9a32ec1ed73149aea02e0d822e572bca6f1e22bdcbd2149e13b050b17bb
  languageName: node
  linkType: hard

"image-size@npm:^2.0.2":
  version: 2.0.4
  resolution: "image-size@npm:2.0.4"
  bin:
    image-size: bin/image-size.js
  checksum: 10c0/af01b8c2b7c536df1b866fc6daaa7e58ee909cde42fcae27562612ea77181f473445bc8acf0dfb5b9e8590e966a7a1f3f0fbf4c87ec6d1d4d60d68d87d529d76
  languageName: node
  linkType: hard

"inherits@npm:^2.0.3, inherits@npm:^2.0.4":
  version: 2.0.4
  resolution: "inherits@npm:2.0.4"
  checksum: 10c0/4e531f648b29039fb7426fb94075e6545faa1eb9fe83c29f0b6d9e7263aceb4289d2d4557db0d428188eeb449cc7c5e77b0a0b2c4e248ff2a65933a0dee49ef2
  languageName: node
  linkType: hard

"is-extglob@npm:^2.1.1":
  version: 2.1.1
  resolution: "is-extglob@npm:2.1.1"
  checksum: 10c0/5487da35691fbc339700bbb2730430b07777a3c21b9ebaecb3072512dfd7b4ba78ac2381a87e8d78d20ea08affb3f1971b4af629173a6bf435ff8a4c47747912
  languageName: node
  linkType: hard

"is-glob@npm:^4.0.3":
  version: 4.0.3
  resolution: "is-glob@npm:4.0.3"
  dependencies:
    is-extglob: "npm:^2.1.1"
  checksum: 10c0/17fb4014e22be3bbecea9b2e3a76e9e34ff645466be702f1693e8f1ee1adac84710d0be0bd9f967d6354036fd51ab7c2741d954d6e91dae6bb69714de92c197a
  languageName: node
  linkType: hard

"is-negated-glob@npm:^1.0.0":
  version: 1.0.0
  resolution: "is-negated-glob@npm:1.0.0"
  checksum: 10c0/f9d4fb2effd7a6d0e4770463e4cf708fbff2d5b660ab2043e5703e21e3234dfbe9974fdd8c08eb80f9898d5dd3d21b020e8d07fce387cd394a79991f01cd8d1c
  languageName: node
  linkType: hard

"is-valid-glob@npm:^1.0.0":
  version: 1.0.0
  resolution: "is-valid-glob@npm:1.0.0"
  checksum: 10c0/73aef3a2dc218b677362c876d1bc69699e10cfb50ecae6ac5fa946d7f5bb783721e81d9383bd120e4fb7bcfaa7ebe1edab0b707fd93051cc6e04f90f02d689b6
  languageName: node
  linkType: hard

"js-tokens@npm:^10.0.0":
  version: 10.0.0
  resolution: "js-tokens@npm:10.0.0"
  checksum: 10c0/a93498747812ba3e0c8626f95f75ab29319f2a13613a0de9e610700405760931624433a0de59eb7c27ff8836e526768fb20783861b86ef89be96676f2c996b64
  languageName: node
  linkType: hard

"lead@npm:^4.0.0":
  version: 4.0.0
  resolution: "lead@npm:4.0.0"
  checksum: 10c0/71d2509b3c921dc74c47561a3c7bf0b76ecb530af178c3e0f469f3bdf20940ca08bcb4f18bbcfde0619706c1e550d3ba67ea187407722304db8fd3bc13a4405d
  languageName: node
  linkType: hard

"magic-string@npm:^1.2.3":
  version: 1.4.1
  resolution: "magic-string@npm:1.4.1"
  dependencies:
    "@jridgewell/sourcemap-codec": "npm:^1.6.0"
  checksum: 10c0/d5162ed2cef7ffa4ee5bcf44fbaba3a814f65b9919f0f3eba43076fda4223161b1064779da32901c3d1f157e7bbc0b6dd973e06c7856e550424f5e73e9217f0a
  languageName: node
  linkType: hard

"magicast@npm:^0.5.4":
  version: 0.5.5
  resolution: "magicast@npm:0.5.5"
  dependencies:
    "@babel/parser": "npm:^7.29.7"
    "@babel/types": "npm:^7.29.7"
    source-map-js: "npm:^1.2.1"
  checksum: 10c0/d27e94cd1e85f1736f97ab0c6e542170a818c7e573261722d056b3ec4a520e16d836ce4c6b0cd3dd215b1171d83592d48a3736f3da5997a55629a0de05f66e7d
  languageName: node
  linkType: hard

"ms@npm:2.0.0":
  version: 2.0.0
  resolution: "ms@npm:2.0.0"
  checksum: 10c0/f8fda810b39fd7255bbdc451c46286e549794fcc700dc9cd1d25658bbc4dc2563a5de6fe7c60f798a16a60c6ceb53f033cb353f493f0cf63e5199b702943159d
  languageName: node
  linkType: hard

"normalize-path@npm:3.0.0, normalize-path@npm:^3.0.0":
  version: 3.0.0
  resolution: "normalize-path@npm:3.0.0"
  checksum: 10c0/e008c8142bcc335b5e38cf0d63cfd39d6cf2d97480af9abdbe9a439221fd4d749763bab492a8ee708ce7a194bb00c9da6d0a115018672310850489137b3da046
  languageName: node
  linkType: hard

"now-and-later@npm:^3.0.0":
  version: 3.0.0
  resolution: "now-and-later@npm:3.0.0"
  dependencies:
    once: "npm:^1.4.0"
  checksum: 10c0/9ed96bae9f4bf66c01704a59aa5b6a8aa26bd65445133a08a2b867470c1705ae746f7261e4676b2ae6fc9dce0dc778055b816218bdeb1efbf610e0c95a83711b
  languageName: node
  linkType: hard

"obug@npm:^2.1.4":
  version: 2.2.1
  resolution: "obug@npm:2.2.1"
  checksum: 10c0/8a7c001847d880fa6ba83c7bbee6a80fd271ee628439cd508c8647d53b217abb1759e2d5e4aaeb09a35d0a274bdb225a0a5a78eded3213d63e656153cf411b63
  languageName: node
  linkType: hard

"once@npm:^1.4.0":
  version: 1.4.0
  resolution: "once@npm:1.4.0"
  dependencies:
    wrappy: "npm:1"
  checksum: 10c0/5d48aca287dfefabd756621c5dfce5c91a549a93e9fdb7b8246bc4c4790aa2ec17b34a260530474635147aeb631a2dcc8b32c613df0675f96041cbb8244517d0
  languageName: node
  linkType: hard

"picomatch@npm:^2.0.4":
  version: 2.3.2
  resolution: "picomatch@npm:2.3.2"
  checksum: 10c0/a554d1709e59be97d1acb9eaedbbc700a5c03dbd4579807baed95100b00420bc729335440ef15004ae2378984e2487a7c1cebd743cfdb72b6fa9ab69223c0d61
  languageName: node
  linkType: hard

"picomatch@npm:^4.0.4, picomatch@npm:^4.0.7":
  version: 4.0.7
  resolution: "picomatch@npm:4.0.7"
  checksum: 10c0/beb6ae02c43ae44e84883b90830196d9046b1726ead292adcf7f57945e0bb0d992d68563d87e03b484b6f3c9a5c6defda7523477f047d7f0e663f126cc01787f
  languageName: node
  linkType: hard

"plugin-error@npm:^2.0.1":
  version: 2.0.1
  resolution: "plugin-error@npm:2.0.1"
  dependencies:
    ansi-colors: "npm:^1.0.1"
  checksum: 10c0/f4ad7de56dd72455f01257680733c51884c3d7f74fbc111483da72489d52fa86a52e45d64ef89b869efce78a5ae17737ff89738d9bd5508d6220968ccd02b308
  languageName: node
  linkType: hard

"readable-stream@npm:^3.4.0":
  version: 3.6.2
  resolution: "readable-stream@npm:3.6.2"
  dependencies:
    inherits: "npm:^2.0.3"
    string_decoder: "npm:^1.1.1"
    util-deprecate: "npm:^1.0.1"
  checksum: 10c0/e37be5c79c376fdd088a45fa31ea2e423e5d48854be7a22a58869b4e84d25047b193f6acb54f1012331e1bcd667ffb569c01b99d36b0bd59658fb33f513511b7
  languageName: node
  linkType: hard

"remove-trailing-separator@npm:^1.1.0":
  version: 1.1.0
  resolution: "remove-trailing-separator@npm:1.1.0"
  checksum: 10c0/3568f9f8f5af3737b4aee9e6e1e8ec4be65a92da9cb27f989e0893714d50aa95ed2ff02d40d1fa35e1b1a234dc9c2437050ef356704a3999feaca6667d9e9bfc
  languageName: node
  linkType: hard

"replace-ext@npm:^2.0.0":
  version: 2.0.0
  resolution: "replace-ext@npm:2.0.0"
  checksum: 10c0/52cb1006f83c5f07ef2c76b070c58bdeca1b67beded57d60593d1af8cd8ee731501d0433645cea8e9a4bf57a7018f47c9a3928c0463496cad1946fa85907aa47
  languageName: node
  linkType: hard

"resolve-options@npm:^2.0.0":
  version: 2.0.0
  resolution: "resolve-options@npm:2.0.0"
  dependencies:
    value-or-function: "npm:^4.0.0"
  checksum: 10c0/108f22186cad8748f1f0263944702a9949a12074e49442827845a52048f9156290781ceab8aee3e26ad868347266746704ee59a83a8f2fe2ce35228d054e325e
  languageName: node
  linkType: hard

"reusify@npm:^1.0.4":
  version: 1.1.0
  resolution: "reusify@npm:1.1.0"
  checksum: 10c0/4eff0d4a5f9383566c7d7ec437b671cc51b25963bd61bf127c3f3d3f68e44a026d99b8d2f1ad344afff8d278a8fe70a8ea092650a716d22287e8bef7126bb2fa
  languageName: node
  linkType: hard

"safe-buffer@npm:~5.2.0":
  version: 5.2.1
  resolution: "safe-buffer@npm:5.2.1"
  checksum: 10c0/6501914237c0a86e9675d4e51d89ca3c21ffd6a31642efeba25ad65720bce6921c9e7e974e5be91a786b25aa058b5303285d3c15dbabf983a919f5f630d349f3
  languageName: node
  linkType: hard

"safer-buffer@npm:>= 2.1.2 < 3.0.0":
  version: 2.1.2
  resolution: "safer-buffer@npm:2.1.2"
  checksum: 10c0/7e3c8b2e88a1841c9671094bbaeebd94448111dd90a81a1f606f3f67708a6ec57763b3b47f06da09fc6054193e0e6709e77325415dc8422b04497a8070fa02d4
  languageName: node
  linkType: hard

"siginfo@npm:^2.0.0":
  version: 2.0.0
  resolution: "siginfo@npm:2.0.0"
  checksum: 10c0/3def8f8e516fbb34cb6ae415b07ccc5d9c018d85b4b8611e3dc6f8be6d1899f693a4382913c9ed51a06babb5201639d76453ab297d1c54a456544acf5c892e34
  languageName: node
  linkType: hard

"source-map-js@npm:^1.0.1, source-map-js@npm:^1.2.1":
  version: 1.2.1
  resolution: "source-map-js@npm:1.2.1"
  checksum: 10c0/7bda1fc4c197e3c6ff17de1b8b2c20e60af81b63a52cb32ec5a5d67a20a7d42651e2cb34ebe93833c5a2a084377e17455854fee3e21e7925c64a51b6a52b0faf
  languageName: node
  linkType: hard

"stackback@npm:0.0.2":
  version: 0.0.2
  resolution: "stackback@npm:0.0.2"
  checksum: 10c0/89a1416668f950236dd5ac9f9a6b2588e1b9b62b1b6ad8dff1bfc5d1a15dbf0aafc9b52d2226d00c28dffff212da464eaeebfc6b7578b9d180cef3e3782c5983
  languageName: node
  linkType: hard

"std-env@npm:^4.2.0":
  version: 4.2.0
  resolution: "std-env@npm:4.2.0"
  checksum: 10c0/40ac525ce7b7c556abc332a7376f14356eeb1a7f17f6ff9a003eb9f52326ff1f3745d3e1b43452675b1ec6fcc319f1b1d6f3b0d386cf3f91058479ad883cff69
  languageName: node
  linkType: hard

"stream-composer@npm:^1.0.2":
  version: 1.0.2
  resolution: "stream-composer@npm:1.0.2"
  dependencies:
    streamx: "npm:^2.13.2"
  checksum: 10c0/00b7c63e67dffa1f7d7149f47072e61e3e788aa1221a6116cac0186f387650816927e41b0934e615f47fec6d8d9c5b93cc85952748ed0238975090dfabf17fa7
  languageName: node
  linkType: hard

"stream-parser@npm:^0.3.1":
  version: 0.3.1
  resolution: "stream-parser@npm:0.3.1"
  dependencies:
    debug: "npm:2"
  checksum: 10c0/585508801423bd6c53f6dda9d78e4b743a08ab72e8e2680431fa855ef950e59c849ec2838f2a00c59af655ff8463e90f660f9169a816e63a3ca159cf713bae5c
  languageName: node
  linkType: hard

"streamx@npm:^2.12.0, streamx@npm:^2.12.5, streamx@npm:^2.13.2, streamx@npm:^2.14.0, streamx@npm:^2.15.1":
  version: 2.28.1
  resolution: "streamx@npm:2.28.1"
  dependencies:
    events-universal: "npm:^1.0.0"
    fast-fifo: "npm:^1.3.2"
    text-decoder: "npm:^1.1.0"
  checksum: 10c0/90871d76712ad9e00f555ffcb0d33bcbf6823cc2237e8868dcb30666ec76ae34157049042e3cd3251698278ebedf153291026eec7c87ad05c746178a35405f64
  languageName: node
  linkType: hard

"string_decoder@npm:^1.1.1":
  version: 1.3.0
  resolution: "string_decoder@npm:1.3.0"
  dependencies:
    safe-buffer: "npm:~5.2.0"
  checksum: 10c0/810614ddb030e271cd591935dcd5956b2410dd079d64ff92a1844d6b7588bf992b3e1b69b0f4d34a3e06e0bd73046ac646b5264c1987b20d0601f81ef35d731d
  languageName: node
  linkType: hard

"teex@npm:^1.0.1":
  version: 1.0.1
  resolution: "teex@npm:1.0.1"
  dependencies:
    streamx: "npm:^2.12.5"
  checksum: 10c0/8df9166c037ba694b49d32a49858e314c60e513d55ac5e084dbf1ddbb827c5fa43cc389a81e87684419c21283308e9d68bb068798189c767ec4c252f890b8a77
  languageName: node
  linkType: hard

"text-decoder@npm:^1.1.0":
  version: 1.2.7
  resolution: "text-decoder@npm:1.2.7"
  dependencies:
    b4a: "npm:^1.6.4"
  checksum: 10c0/929938ed154fbadb660a7f3d1aca30b7e53649a731af7583168fcfba0c158046325d35d945926e2a512bb62d1a49a7818151c987ea38b48853f01e1615722fc5
  languageName: node
  linkType: hard

"tinybench@npm:6.1.4":
  version: 6.1.4
  resolution: "tinybench@npm:6.1.4"
  checksum: 10c0/7a815318a02270a98247298ddd289b75c841725606c977f0b74749bc5ec811a44998267ccb60bd3deb23b551dbfaf4d979eb08e9b04fbc87ff571f9b39cc61c3
  languageName: node
  linkType: hard

"tinyexec@npm:1.3.0":
  version: 1.3.0
  resolution: "tinyexec@npm:1.3.0"
  checksum: 10c0/e9b89f97489d2aab2cef408da279e6b32547e738d1275032ccb8fd0028a006d93eb70fc51c6cffd9fc2f5aca6c2a273d8b6f73b52d46ee5116da6b94969ef958
  languageName: node
  linkType: hard

"tinyglobby@npm:^0.2.17":
  version: 0.2.17
  resolution: "tinyglobby@npm:0.2.17"
  dependencies:
    fdir: "npm:^6.5.0"
    picomatch: "npm:^4.0.4"
  checksum: 10c0/7f7bb0f197c88bc4b20c231e0deca4240ca3bf313a88f5a7fee93a872b84966a4d50220947c0455ad07a60b3b360961c5b7fd979222aeb716a9f99b412002e4c
  languageName: node
  linkType: hard

"tinypool@npm:^2.1.0":
  version: 2.2.0
  resolution: "tinypool@npm:2.2.0"
  checksum: 10c0/93b2ce0e0cf1a83f003f577d05b0f9860d490d9c082d30687134f4724ea67501847a308c659f658f3cfa545a4cc4b3cd8a8d100d715245988989be6fb0acdcc4
  languageName: node
  linkType: hard

"tinyrainbow@npm:^3.1.1":
  version: 3.1.1
  resolution: "tinyrainbow@npm:3.1.1"
  checksum: 10c0/f9d2743832c6191f753408f36224fe817620b8abcef572b2e570204c673a901d753ff84ca8e7b88f9c79e934295b3ffc6fcbc56a06f126e24e1ec6186dcad40d
  languageName: node
  linkType: hard

"to-through@npm:^3.0.0":
  version: 3.0.0
  resolution: "to-through@npm:3.0.0"
  dependencies:
    streamx: "npm:^2.12.5"
  checksum: 10c0/9b1a6eb85ceff159db21678b7d9aec1d8b99a63dae01ce95b074df1f37f9d92e3ed7d5284f394917a079dda37d53f8eeef8fc74ef506b97cc35629925f29b464
  languageName: node
  linkType: hard

"typescript@npm:^5.2.2":
  version: 5.9.3
  resolution: "typescript@npm:5.9.3"
  bin:
    tsc: bin/tsc
    tsserver: bin/tsserver
  checksum: 10c0/6bd7552ce39f97e711db5aa048f6f9995b53f1c52f7d8667c1abdc1700c68a76a308f579cd309ce6b53646deb4e9a1be7c813a93baaf0a28ccd536a30270e1c5
  languageName: node
  linkType: hard

"typescript@patch:typescript@npm%3A^5.2.2#optional!builtin<compat/typescript>":
  version: 5.9.3
  resolution: "typescript@patch:typescript@npm%3A5.9.3#optional!builtin<compat/typescript>::version=5.9.3&hash=5786d5"
  bin:
    tsc: bin/tsc
    tsserver: bin/tsserver
  checksum: 10c0/ad09fdf7a756814dce65bc60c1657b40d44451346858eea230e10f2e95a289d9183b6e32e5c11e95acc0ccc214b4f36289dcad4bf1886b0adb84d711d336a430
  languageName: node
  linkType: hard

"undici-types@npm:~6.21.0":
  version: 6.21.0
  resolution: "undici-types@npm:6.21.0"
  checksum: 10c0/c01ed51829b10aa72fc3ce64b747f8e74ae9b60eafa19a7b46ef624403508a54c526ffab06a14a26b3120d055e1104d7abe7c9017e83ced038ea5cf52f8d5e04
  languageName: node
  linkType: hard

"util-deprecate@npm:^1.0.1":
  version: 1.0.2
  resolution: "util-deprecate@npm:1.0.2"
  checksum: 10c0/41a5bdd214df2f6c3ecf8622745e4a366c4adced864bc3c833739791aeeeb1838119af7daed4ba36428114b5c67dcda034a79c882e97e43c03e66a4dd7389942
  languageName: node
  linkType: hard

"value-or-function@npm:^4.0.0":
  version: 4.0.0
  resolution: "value-or-function@npm:4.0.0"
  checksum: 10c0/1ac6f3ce4c2d811f9fb99a50a69df1d3960376cd1d8fa89106f746a251cb7a0bccb62199972c00beecb5f4911b7a65465b6624d198108ca90dc95cfbf1643230
  languageName: node
  linkType: hard

"vinyl-contents@npm:^2.0.0":
  version: 2.0.0
  resolution: "vinyl-contents@npm:2.0.0"
  dependencies:
    bl: "npm:^5.0.0"
    vinyl: "npm:^3.0.0"
  checksum: 10c0/b50ddf02c48fa5f89fc14bce470a375cfe74ffd6f8081836ee22f3b731e37bf1ef56761eea73377037325c79784ddc5b90000f8bddd418b87b75ea3f6320f16b
  languageName: node
  linkType: hard

"vinyl-fs@npm:^4.0.0, vinyl-fs@npm:^4.0.2":
  version: 4.0.2
  resolution: "vinyl-fs@npm:4.0.2"
  dependencies:
    fs-mkdirp-stream: "npm:^2.0.1"
    glob-stream: "npm:^8.0.3"
    graceful-fs: "npm:^4.2.11"
    iconv-lite: "npm:^0.6.3"
    is-valid-glob: "npm:^1.0.0"
    lead: "npm:^4.0.0"
    normalize-path: "npm:3.0.0"
    resolve-options: "npm:^2.0.0"
    stream-composer: "npm:^1.0.2"
    streamx: "npm:^2.14.0"
    to-through: "npm:^3.0.0"
    value-or-function: "npm:^4.0.0"
    vinyl: "npm:^3.0.1"
    vinyl-sourcemap: "npm:^2.0.0"
  checksum: 10c0/8aeffc5beb9a7663113b5914b801e8c5b0b9ce27d20ec2f9b0dfd58068b0ff1e682ed8d9fe863e56422a997bff37990f9b460d6f84768e168d536a237765b9b7
  languageName: node
  linkType: hard

"vinyl-sourcemap@npm:^2.0.0":
  version: 2.0.0
  resolution: "vinyl-sourcemap@npm:2.0.0"
  dependencies:
    convert-source-map: "npm:^2.0.0"
    graceful-fs: "npm:^4.2.10"
    now-and-later: "npm:^3.0.0"
    streamx: "npm:^2.12.5"
    vinyl: "npm:^3.0.0"
    vinyl-contents: "npm:^2.0.0"
  checksum: 10c0/073f3f7dac1fcbf75a5ef22dac1ad18a6a299a761ff1b897455177403141935a1a909fec4540434e5b6344f9d25b962efe49fce5e82fd9e3219d4865e7688e9a
  languageName: node
  linkType: hard

"vinyl@npm:^3.0.0, vinyl@npm:^3.0.1":
  version: 3.0.1
  resolution: "vinyl@npm:3.0.1"
  dependencies:
    clone: "npm:^2.1.2"
    remove-trailing-separator: "npm:^1.1.0"
    replace-ext: "npm:^2.0.0"
    teex: "npm:^1.0.1"
  checksum: 10c0/f1668e4c341948869d00a25082d96a3535050e7b7a174974820ee154065432c4b1a3dd1927bd8de96ffb470147e1ed8fc4a5458e010fe464698d4f987fca04ca
  languageName: node
  linkType: hard

"vitest@npm:^5.0.0":
  version: 5.0.1
  resolution: "vitest@npm:5.0.1"
  dependencies:
    "@types/chai": "npm:^5.2.2"
    "@vitest/mocker": "npm:5.0.1"
    chai: "npm:^6.2.2"
    es-module-lexer: "npm:^2.3.2"
    expect-type: "npm:^1.4.0"
    magic-string: "npm:^1.2.3"
    obug: "npm:^2.1.4"
    picomatch: "npm:^4.0.7"
    std-env: "npm:^4.2.0"
    tinybench: "npm:6.1.4"
    tinyexec: "npm:1.3.0"
    tinyglobby: "npm:^0.2.17"
    why-is-node-running: "npm:^2.3.0"
  peerDependencies:
    "@edge-runtime/vm": "*"
    "@opentelemetry/api": ^1.9.0
    "@types/node": ^22.0.0 || >=24.0.0
    "@vitest/browser-playwright": 5.0.1
    "@vitest/browser-preview": 5.0.1
    "@vitest/browser-webdriverio": ^5.0.0-beta.5 || >=5.0.0
    "@vitest/coverage-istanbul": 5.0.1
    "@vitest/coverage-v8": 5.0.1
    "@vitest/ui": 5.0.1
    happy-dom: "*"
    jsdom: "*"
    vite: ^6.4.0 || ^7.0.0 || ^8.0.0
  peerDependenciesMeta:
    "@edge-runtime/vm":
      optional: true
    "@opentelemetry/api":
      optional: true
    "@types/node":
      optional: true
    "@vitest/browser-playwright":
      optional: true
    "@vitest/browser-preview":
      optional: true
    "@vitest/browser-webdriverio":
      optional: true
    "@vitest/coverage-istanbul":
      optional: true
    "@vitest/coverage-v8":
      optional: true
    "@vitest/ui":
      optional: true
    happy-dom:
      optional: true
    jsdom:
      optional: true
    vite:
      optional: false
  bin:
    vitest: ./vitest.mjs
  checksum: 10c0/1b49fe8eb7274ffd43ca5a29cccbcc942cf991488020a74114f3a725a1168c549d47820715b8ed3f521a0cd9ccc0013ab9511cc6e0f8e0a5bdfb751e3ddc4d2d
  languageName: node
  linkType: hard

"why-is-node-running@npm:^2.3.0":
  version: 2.3.0
  resolution: "why-is-node-running@npm:2.3.0"
  dependencies:
    siginfo: "npm:^2.0.0"
    stackback: "npm:0.0.2"
  bin:
    why-is-node-running: cli.js
  checksum: 10c0/1cde0b01b827d2cf4cb11db962f3958b9175d5d9e7ac7361d1a7b0e2dc6069a263e69118bd974c4f6d0a890ef4eedfe34cf3d5167ec14203dbc9a18620537054
  languageName: node
  linkType: hard

"wrappy@npm:1":
  version: 1.0.2
  resolution: "wrappy@npm:1.0.2"
  checksum: 10c0/56fece1a4018c6a6c8e28fbc88c87e0fbf4ea8fd64fc6c63b18f4acc4bd13e0ad2515189786dd2c30d3eec9663d70f4ecf699330002f8ccb547e4a18231fc9f0
  languageName: node
  linkType: hard
